
Microsoft Visual Studio Solution File, Format Version 12.00
# Visual Studio Version 17
VisualStudioVersion = 17.0.31903.59
MinimumVisualStudioVersion = 10.0.40219.1
Project("{9A19103F-16F7-4668-BE54-9A1E7A4F7556}") = "SunamoUnderscore.Tests", "SunamoUnderscore.Tests\\SunamoUnderscore.Tests.csproj", "{322E2B72-8445-4A41-8379-43568FB90EDA}"
EndProject
Project("{FAE04EC0-301F-11D3-BF4B-00C04F79EFBC}") = "RunnerUnderscore", "RunnerUnderscore\\RunnerUnderscore.csproj", "{EF167746-9EE9-4929-821B-27D4AB06BF4D}"
EndProject
Project("{FAE04EC0-301F-11D3-BF4B-00C04F79EFBC}") = "SunamoUnderscore", "SunamoUnderscore\SunamoUnderscore.csproj", "{A16F9460-DF70-4FCC-824F-47F88C12774D}"
EndProject
Global
	GlobalSection(SolutionConfigurationPlatforms) = preSolution
		Debug|Any CPU = Debug|Any CPU
		Debug|x64 = Debug|x64
		Debug|x86 = Debug|x86
		Release|Any CPU = Release|Any CPU
		Release|x64 = Release|x64
		Release|x86 = Release|x86
	EndGlobalSection
	GlobalSection(ProjectConfigurationPlatforms) = postSolution
		{322E2B72-8445-4A41-8379-43568FB90EDA}.Debug|Any CPU.ActiveCfg = Debug|Any CPU
		{322E2B72-8445-4A41-8379-43568FB90EDA}.Debug|Any CPU.Build.0 = Debug|Any CPU
		{322E2B72-8445-4A41-8379-43568FB90EDA}.Debug|x64.ActiveCfg = Debug|Any CPU
		{322E2B72-8445-4A41-8379-43568FB90EDA}.Debug|x64.Build.0 = Debug|Any CPU
		{322E2B72-8445-4A41-8379-43568FB90EDA}.Debug|x86.ActiveCfg = Debug|Any CPU
		{322E2B72-8445-4A41-8379-43568FB90EDA}.Debug|x86.Build.0 = Debug|Any CPU
		{322E2B72-8445-4A41-8379-43568FB90EDA}.Release|Any CPU.ActiveCfg = Release|Any CPU
		{322E2B72-8445-4A41-8379-43568FB90EDA}.Release|Any CPU.Build.0 = Release|Any CPU
		{322E2B72-8445-4A41-8379-43568FB90EDA}.Release|x64.ActiveCfg = Release|Any CPU
		{322E2B72-8445-4A41-8379-43568FB90EDA}.Release|x64.Build.0 = Release|Any CPU
		{322E2B72-8445-4A41-8379-43568FB90EDA}.Release|x86.ActiveCfg = Release|Any CPU
		{322E2B72-8445-4A41-8379-43568FB90EDA}.Release|x86.Build.0 = Release|Any CPU
		{EF167746-9EE9-4929-821B-27D4AB06BF4D}.Debug|Any CPU.ActiveCfg = Debug|Any CPU
		{EF167746-9EE9-4929-821B-27D4AB06BF4D}.Debug|Any CPU.Build.0 = Debug|Any CPU
		{EF167746-9EE9-4929-821B-27D4AB06BF4D}.Debug|x64.ActiveCfg = Debug|Any CPU
		{EF167746-9EE9-4929-821B-27D4AB06BF4D}.Debug|x64.Build.0 = Debug|Any CPU
		{EF167746-9EE9-4929-821B-27D4AB06BF4D}.Debug|x86.ActiveCfg = Debug|Any CPU
		{EF167746-9EE9-4929-821B-27D4AB06BF4D}.Debug|x86.Build.0 = Debug|Any CPU
		{EF167746-9EE9-4929-821B-27D4AB06BF4D}.Release|Any CPU.ActiveCfg = Release|Any CPU
		{EF167746-9EE9-4929-821B-27D4AB06BF4D}.Release|Any CPU.Build.0 = Release|Any CPU
		{EF167746-9EE9-4929-821B-27D4AB06BF4D}.Release|x64.ActiveCfg = Release|Any CPU
		{EF167746-9EE9-4929-821B-27D4AB06BF4D}.Release|x64.Build.0 = Release|Any CPU
		{EF167746-9EE9-4929-821B-27D4AB06BF4D}.Release|x86.ActiveCfg = Release|Any CPU
		{EF167746-9EE9-4929-821B-27D4AB06BF4D}.Release|x86.Build.0 = Release|Any CPU
		{A16F9460-DF70-4FCC-824F-47F88C12774D}.Debug|Any CPU.ActiveCfg = Debug|Any CPU
		{A16F9460-DF70-4FCC-824F-47F88C12774D}.Debug|Any CPU.Build.0 = Debug|Any CPU
		{A16F9460-DF70-4FCC-824F-47F88C12774D}.Debug|x64.ActiveCfg = Debug|Any CPU
		{A16F9460-DF70-4FCC-824F-47F88C12774D}.Debug|x64.Build.0 = Debug|Any CPU
		{A16F9460-DF70-4FCC-824F-47F88C12774D}.Debug|x86.ActiveCfg = Debug|Any CPU
		{A16F9460-DF70-4FCC-824F-47F88C12774D}.Debug|x86.Build.0 = Debug|Any CPU
		{A16F9460-DF70-4FCC-824F-47F88C12774D}.Release|Any CPU.ActiveCfg = Release|Any CPU
		{A16F9460-DF70-4FCC-824F-47F88C12774D}.Release|Any CPU.Build.0 = Release|Any CPU
		{A16F9460-DF70-4FCC-824F-47F88C12774D}.Release|x64.ActiveCfg = Release|Any CPU
		{A16F9460-DF70-4FCC-824F-47F88C12774D}.Release|x64.Build.0 = Release|Any CPU
		{A16F9460-DF70-4FCC-824F-47F88C12774D}.Release|x86.ActiveCfg = Release|Any CPU
		{A16F9460-DF70-4FCC-824F-47F88C12774D}.Release|x86.Build.0 = Release|Any CPU
	EndGlobalSection
	GlobalSection(SolutionProperties) = preSolution
		HideSolutionNode = FALSE
	EndGlobalSection
	GlobalSection(ExtensibilityGlobals) = postSolution
		SolutionGuid = {D1DF5167-A1CE-49FB-B2F1-8E51306E4286}
	EndGlobalSection
EndGlobal
